// !$*UTF8*$!
{
	archiveVersion = 1;
	classes = {
	};
	objectVersion = 77;
	objects = {

/* Begin PBXContainerItemProxy section */
		BCBD76AB2D6BEE090029AC62 /* PBXContainerItemProxy */ = {
			isa = PBXContainerItemProxy;
			containerPortal = BCBD76922D6BEE080029AC62 /* Project object */;
			proxyType = 1;
			remoteGlobalIDString = BCBD76992D6BEE080029AC62;
			remoteInfo = BookTracker2;
		};
		BCBD76B52D6BEE090029AC62 /* PBXContainerItemProxy */ = {
			isa = PBXContainerItemProxy;
			containerPortal = BCBD76922D6BEE080029AC62 /* Project object */;
			proxyType = 1;
			remoteGlobalIDString = BCBD76992D6BEE080029AC62;
			remoteInfo = BookTracker2;
		};
/* End PBXContainerItemProxy section */

/* Begin PBXFileReference section */
		BCBD769A2D6BEE080029AC62 /* BookTracker2.app */ = {isa = PBXFileReference; explicitFileType = wrapper.application; includeInIndex = 0; path = BookTracker2.app; sourceTree = BUILT_PRODUCTS_DIR; };
		BCBD76AA2D6BEE090029AC62 /* BookTracker2Tests.xctest */ = {isa = PBXFileReference; explicitFileType = wrapper.cfbundle; includeInIndex = 0; path = BookTracker2Tests.xctest; sourceTree = BUILT_PRODUCTS_DIR; };
		BCBD76B42D6BEE090029AC62 /* BookTracker2UITests.xctest */ = {isa = PBXFileReference; explicitFileType = wrapper.cfbundle; includeInIndex = 0; path = BookTracker2UITests.xctest; sourceTree = BUILT_PRODUCTS_DIR; };
/* End PBXFileReference section */

/* Begin PBXFileSystemSynchronizedBuildFileExceptionSet section */
		BC4D9FB52D6E6D2C00E070E5 /* Exceptions for "BookTracker2" folder in "BookTracker2" target */ = {
			isa = PBXFileSystemSynchronizedBuildFileExceptionSet;
			membershipExceptions = (
				Info.plist,
			);
			target = BCBD76992D6BEE080029AC62 /* BookTracker2 */;
		};
/* End PBXFileSystemSynchronizedBuildFileExceptionSet section */

/* Begin PBXFileSystemSynchronizedRootGroup section */
		BCBD769C2D6BEE080029AC62 /* BookTracker2 */ = {
			isa = PBXFileSystemSynchronizedRootGroup;
			exceptions = (
				BC4D9FB52D6E6D2C00E070E5 /* Exceptions for "BookTracker2" folder in "BookTracker2" target */,
			);
			path = BookTracker2;
			sourceTree = "<group>";
		};
		BCBD76AD2D6BEE090029AC62 /* BookTracker2Tests */ = {
			isa = PBXFileSystemSynchronizedRootGroup;
			path = BookTracker2Tests;
			sourceTree = "<group>";
		};
		BCBD76B72D6BEE090029AC62 /* BookTracker2UITests */ = {
			isa = PBXFileSystemSynchronizedRootGroup;
			path = BookTracker2UITests;
			sourceTree = "<group>";
		};
/* End PBXFileSystemSynchronizedRootGroup section */

/* Begin PBXFrameworksBuildPhase section */
		BCBD76972D6BEE080029AC62 /* Frameworks */ = {
			isa = PBXFrameworksBuildPhase;
			buildActionMask = 2147483647;
			files = (
			);
			runOnlyForDeploymentPostprocessing = 0;
		};
		BCBD76A72D6BEE090029AC62 /* Frameworks */ = {
			isa = PBXFrameworksBuildPhase;
			buildActionMask = 2147483647;
			files = (
			);
			runOnlyForDeploymentPostprocessing = 0;
		};
		BCBD76B12D6BEE090029AC62 /* Frameworks */ = {
			isa = PBXFrameworksBuildPhase;
			buildActionMask = 2147483647;
			files = (
			);
			runOnlyForDeploymentPostprocessing = 0;
		};
/* End PBXFrameworksBuildPhase section */

/* Begin PBXGroup section */
		BCBD76912D6BEE080029AC62 = {
			isa = PBXGroup;
			children = (
				BCBD769C2D6BEE080029AC62 /* BookTracker2 */,
				BCBD76AD2D6BEE090029AC62 /* BookTracker2Tests */,
				BCBD76B72D6BEE090029AC62 /* BookTracker2UITests */,
				BCBD769B2D6BEE080029AC62 /* Products */,
			);
			sourceTree = "<group>";
		};
		BCBD769B2D6BEE080029AC62 /* Products */ = {
			isa = PBXGroup;
			children = (
				BCBD769A2D6BEE080029AC62 /* BookTracker2.app */,
				BCBD76AA2D6BEE090029AC62 /* BookTracker2Tests.xctest */,
				BCBD76B42D6BEE090029AC62 /* BookTracker2UITests.xctest */,
			);
			name = Products;
			sourceTree = "<group>";
		};
/* End PBXGroup section */

/* Begin PBXNativeTarget section */
		BCBD76992D6BEE080029AC62 /* BookTracker2 */ = {
			isa = PBXNativeTarget;
			buildConfigurationList = BCBD76BE2D6BEE090029AC62 /* Build configuration list for PBXNativeTarget "BookTracker2" */;
			buildPhases = (
				BCBD76962D6BEE080029AC62 /* Sources */,
				BCBD76972D6BEE080029AC62 /* Frameworks */,
				BCBD76982D6BEE080029AC62 /* Resources */,
			);
			buildRules = (
			);
			dependencies = (
			);
			fileSystemSynchronizedGroups = (
				BCBD769C2D6BEE080029AC62 /* BookTracker2 */,
			);
			name = BookTracker2;
			packageProductDependencies = (
			);
			productName = BookTracker2;
			productReference = BCBD769A2D6BEE080029AC62 /* BookTracker2.app */;
			productType = "com.apple.product-type.application";
		};
		BCBD76A92D6BEE090029AC62 /* BookTracker2Tests */ = {
			isa = PBXNativeTarget;
			buildConfigurationList = BCBD76C12D6BEE090029AC62 /* Build configuration list for PBXNativeTarget "BookTracker2Tests" */;
			buildPhases = (
				BCBD76A62D6BEE090029AC62 /* Sources */,
				BCBD76A72D6BEE090029AC62 /* Frameworks */,
				BCBD76A82D6BEE090029AC62 /* Resources */,
			);
			buildRules = (
			);
			dependencies = (
				BCBD76AC2D6BEE090029AC62 /* PBXTargetDependency */,
			);
			fileSystemSynchronizedGroups = (
				BCBD76AD2D6BEE090029AC62 /* BookTracker2Tests */,
			);
			name = BookTracker2Tests;
			packageProductDependencies = (
			);
			productName = BookTracker2Tests;
			productReference = BCBD76AA2D6BEE090029AC62 /* BookTracker2Tests.xctest */;
			productType = "com.apple.product-type.bundle.unit-test";
		};
		BCBD76B32D6BEE090029AC62 /* BookTracker2UITests */ = {
			isa = PBXNativeTarget;
			buildConfigurationList = BCBD76C42D6BEE090029AC62 /* Build configuration list for PBXNativeTarget "BookTracker2UITests" */;
			buildPhases = (
				BCBD76B02D6BEE090029AC62 /* Sources */,
				BCBD76B12D6BEE090029AC62 /* Frameworks */,
				BCBD76B22D6BEE090029AC62 /* Resources */,
			);
			buildRules = (
			);
			dependencies = (
				BCBD76B62D6BEE090029AC62 /* PBXTargetDependency */,
			);
			fileSystemSynchronizedGroups = (
				BCBD76B72D6BEE090029AC62 /* BookTracker2UITests */,
			);
			name = BookTracker2UITests;
			packageProductDependencies = (
			);
			productName = BookTracker2UITests;
			productReference = BCBD76B42D6BEE090029AC62 /* BookTracker2UITests.xctest */;
			productType = "com.apple.product-type.bundle.ui-testing";
		};
/* End PBXNativeTarget section */

/* Begin PBXProject section */
		BCBD76922D6BEE080029AC62 /* Project object */ = {
			isa = PBXProject;
			attributes = {
				BuildIndependentTargetsInParallel = 1;
				LastSwiftUpdateCheck = 1620;
				LastUpgradeCheck = 1620;
				TargetAttributes = {
					BCBD76992D6BEE080029AC62 = {
						CreatedOnToolsVersion = 16.2;
					};
					BCBD76A92D6BEE090029AC62 = {
						CreatedOnToolsVersion = 16.2;
						TestTargetID = BCBD76992D6BEE080029AC62;
					};
					BCBD76B32D6BEE090029AC62 = {
						CreatedOnToolsVersion = 16.2;
						TestTargetID = BCBD76992D6BEE080029AC62;
					};
				};
			};
			buildConfigurationList = BCBD76952D6BEE080029AC62 /* Build configuration list for PBXProject "BookTracker2" */;
			developmentRegion = en;
			hasScannedForEncodings = 0;
			knownRegions = (
				en,
				Base,
			);
			mainGroup = BCBD76912D6BEE080029AC62;
			minimizedProjectReferenceProxies = 1;
			preferredProjectObjectVersion = 77;
			productRefGroup = BCBD769B2D6BEE080029AC62 /* Products */;
			projectDirPath = "";
			projectRoot = "";
			targets = (
				BCBD76992D6BEE080029AC62 /* BookTracker2 */,
				BCBD76A92D6BEE090029AC62 /* BookTracker2Tests */,
				BCBD76B32D6BEE090029AC62 /* BookTracker2UITests */,
			);
		};
/* End PBXProject section */

/* Begin PBXResourcesBuildPhase section */
		BCBD76982D6BEE080029AC62 /* Resources */ = {
			isa = PBXResourcesBuildPhase;
			buildActionMask = 2147483647;
			files = (
			);
			runOnlyForDeploymentPostprocessing = 0;
		};
		BCBD76A82D6BEE090029AC62 /* Resources */ = {
			isa = PBXResourcesBuildPhase;
			buildActionMask = 2147483647;
			files = (
			);
			runOnlyForDeploymentPostprocessing = 0;
		};
		BCBD76B22D6BEE090029AC62 /* Resources */ = {
			isa = PBXResourcesBuildPhase;
			buildActionMask = 2147483647;
			files = (
			);
			runOnlyForDeploymentPostprocessing = 0;
		};
/* End PBXResourcesBuildPhase section */

/* Begin PBXSourcesBuildPhase section */
		BCBD76962D6BEE080029AC62 /* Sources */ = {
			isa = PBXSourcesBuildPhase;
			buildActionMask = 2147483647;
			files = (
			);
			runOnlyForDeploymentPostprocessing = 0;
		};
		BCBD76A62D6BEE090029AC62 /* Sources */ = {
			isa = PBXSourcesBuildPhase;
			buildActionMask = 2147483647;
			files = (
			);
			runOnlyForDeploymentPostprocessing = 0;
		};
		BCBD76B02D6BEE090029AC62 /* Sources */ = {
			isa = PBXSourcesBuildPhase;
			buildActionMask = 2147483647;
			files = (
			);
			runOnlyForDeploymentPostprocessing = 0;
		};
/* End PBXSourcesBuildPhase section */

/* Begin PBXTargetDependency section */
		BCBD76AC2D6BEE090029AC62 /* PBXTargetDependency */ = {
			isa = PBXTargetDependency;
			target = BCBD76992D6BEE080029AC62 /* BookTracker2 */;
			targetProxy = BCBD76AB2D6BEE090029AC62 /* PBXContainerItemProxy */;
		};
		BCBD76B62D6BEE090029AC62 /* PBXTargetDependency */ = {
			isa = PBXTargetDependency;
			target = BCBD76992D6BEE080029AC62 /* BookTracker2 */;
			targetProxy = BCBD76B52D6BEE090029AC62 /* PBXContainerItemProxy */;
		};
/* End PBXTargetDependency section */

/* Begin XCBuildConfiguration section */
		BCBD76BC2D6BEE090029AC62 /* Debug */ = {
			isa = XCBuildConfiguration;
			buildSettings = {
				ALWAYS_SEARCH_USER_PATHS = NO;
				ASSETCATALOG_COMPILER_GENERATE_SWIFT_ASSET_SYMBOL_EXTENSIONS = YES;
				CLANG_ANALYZER_NONNULL = YES;
				CLANG_ANALYZER_NUMBER_OBJECT_CONVERSION = YES_AGGRESSIVE;
				CLANG_CXX_LANGUAGE_STANDARD = "gnu++20";
				CLANG_ENABLE_MODULES = YES;
				CLANG_ENABLE_OBJC_ARC = YES;
				CLANG_ENABLE_OBJC_WEAK = YES;
				CLANG_WARN_BLOCK_CAPTURE_AUTORELEASING = YES;
				CLANG_WARN_BOOL_CONVERSION = YES;
				CLANG_WARN_COMMA = YES;
				CLANG_WARN_CONSTANT_CONVERSION = YES;
				CLANG_WARN_DEPRECATED_OBJC_IMPLEMENTATIONS = YES;
				CLANG_WARN_DIRECT_OBJC_ISA_USAGE = YES_ERROR;
				CLANG_WARN_DOCUMENTATION_COMMENTS = YES;
				CLANG_WARN_EMPTY_BODY = YES;
				CLANG_WARN_ENUM_CONVERSION = YES;
				CLANG_WARN_INFINITE_RECURSION = YES;
				CLANG_WARN_INT_CONVERSION = YES;
				CLANG_WARN_NON_LITERAL_NULL_CONVERSION = YES;
				CLANG_WARN_OBJC_IMPLICIT_RETAIN_SELF = YES;
				CLANG_WARN_OBJC_LITERAL_CONVERSION = YES;
				CLANG_WARN_OBJC_ROOT_CLASS = YES_ERROR;
				CLANG_WARN_QUOTED_INCLUDE_IN_FRAMEWORK_HEADER = YES;
				CLANG_WARN_RANGE_LOOP_ANALYSIS = YES;
				CLANG_WARN_STRICT_PROTOTYPES = YES;
				CLANG_WARN_SUSPICIOUS_MOVE = YES;
				CLANG_WARN_UNGUARDED_AVAILABILITY = YES_AGGRESSIVE;
				CLANG_WARN_UNREACHABLE_CODE = YES;
				CLANG_WARN__DUPLICATE_METHOD_MATCH = YES;
				COPY_PHASE_STRIP = NO;
				DEBUG_INFORMATION_FORMAT = dwarf;
				ENABLE_STRICT_OBJC_MSGSEND = YES;
				ENABLE_TESTABILITY = YES;
				ENABLE_USER_SCRIPT_SANDBOXING = YES;
				GCC_C_LANGUAGE_STANDARD = gnu17;
				GCC_DYNAMIC_NO_PIC = NO;
				GCC_NO_COMMON_BLOCKS = YES;
				GCC_OPTIMIZATION_LEVEL = 0;
				GCC_PREPROCESSOR_DEFINITIONS = (
					"DEBUG=1",
					"$(inherited)",
				);
				GCC_WARN_64_TO_32_BIT_CONVERSION = YES;
				GCC_WARN_ABOUT_RETURN_TYPE = YES_ERROR;
				GCC_WARN_UNDECLARED_SELECTOR = YES;
				GCC_WARN_UNINITIALIZED_AUTOS = YES_AGGRESSIVE;
				GCC_WARN_UNUSED_FUNCTION = YES;
				GCC_WARN_UNUSED_VARIABLE = YES;
				INFOPLIST_FILE = BookTracker2/Info.plist;
				IPHONEOS_DEPLOYMENT_TARGET = 18.2;
				LOCALIZATION_PREFERS_STRING_CATALOGS = YES;
				MTL_ENABLE_DEBUG_INFO = INCLUDE_SOURCE;
				MTL_FAST_MATH = YES;
				NEW_SETTING = "";
				ONLY_ACTIVE_ARCH = YES;
				SDKROOT = iphoneos;
				SWIFT_ACTIVE_COMPILATION_CONDITIONS = "DEBUG $(inherited)";
				SWIFT_OPTIMIZATION_LEVEL = "-Onone";
			};
			name = Debug;
		};
		BCBD76BD2D6BEE090029AC62 /* Release */ = {
			isa = XCBuildConfiguration;
			buildSettings = {
				ALWAYS_SEARCH_USER_PATHS = NO;
				ASSETCATALOG_COMPILER_GENERATE_SWIFT_ASSET_SYMBOL_EXTENSIONS = YES;
				CLANG_ANALYZER_NONNULL = YES;
				CLANG_ANALYZER_NUMBER_OBJECT_CONVERSION = YES_AGGRESSIVE;
				CLANG_CXX_LANGUAGE_STANDARD = "gnu++20";
				CLANG_ENABLE_MODULES = YES;
				CLANG_ENABLE_OBJC_ARC = YES;
				CLANG_ENABLE_OBJC_WEAK = YES;
				CLANG_WARN_BLOCK_CAPTURE_AUTORELEASING = YES;
				CLANG_WARN_BOOL_CONVERSION = YES;
				CLANG_WARN_COMMA = YES;
				CLANG_WARN_CONSTANT_CONVERSION = YES;
				CLANG_WARN_DEPRECATED_OBJC_IMPLEMENTATIONS = YES;
				CLANG_WARN_DIRECT_OBJC_ISA_USAGE = YES_ERROR;
				CLANG_WARN_DOCUMENTATION_COMMENTS = YES;
				CLANG_WARN_EMPTY_BODY = YES;
				CLANG_WARN_ENUM_CONVERSION = YES;
				CLANG_WARN_INFINITE_RECURSION = YES;
				CLANG_WARN_INT_CONVERSION = YES;
				CLANG_WARN_NON_LITERAL_NULL_CONVERSION = YES;
				CLANG_WARN_OBJC_IMPLICIT_RETAIN_SELF = YES;
				CLANG_WARN_OBJC_LITERAL_CONVERSION = YES;
				CLANG_WARN_OBJC_ROOT_CLASS = YES_ERROR;
				CLANG_WARN_QUOTED_INCLUDE_IN_FRAMEWORK_HEADER = YES;
				CLANG_WARN_RANGE_LOOP_ANALYSIS = YES;
				CLANG_WARN_STRICT_PROTOTYPES = YES;
				CLANG_WARN_SUSPICIOUS_MOVE = YES;
				CLANG_WARN_UNGUARDED_AVAILABILITY = YES_AGGRESSIVE;
				CLANG_WARN_UNREACHABLE_CODE = YES;
				CLANG_WARN__DUPLICATE_METHOD_MATCH = YES;
				COPY_PHASE_STRIP = NO;
				DEBUG_INFORMATION_FORMAT = "dwarf-with-dsym";
				ENABLE_NS_ASSERTIONS = NO;
				ENABLE_STRICT_OBJC_MSGSEND = YES;
				ENABLE_USER_SCRIPT_SANDBOXING = YES;
				GCC_C_LANGUAGE_STANDARD = gnu17;
				GCC_NO_COMMON_BLOCKS = YES;
				GCC_WARN_64_TO_32_BIT_CONVERSION = YES;
				GCC_WARN_ABOUT_RETURN_TYPE = YES_ERROR;
				GCC_WARN_UNDECLARED_SELECTOR = YES;
				GCC_WARN_UNINITIALIZED_AUTOS = YES_AGGRESSIVE;
				GCC_WARN_UNUSED_FUNCTION = YES;
				GCC_WARN_UNUSED_VARIABLE = YES;
				INFOPLIST_FILE = BookTracker2/Info.plist;
				IPHONEOS_DEPLOYMENT_TARGET = 18.2;
				LOCALIZATION_PREFERS_STRING_CATALOGS = YES;
				MTL_ENABLE_DEBUG_INFO = NO;
				MTL_FAST_MATH = YES;
				NEW_SETTING = "";
				SDKROOT = iphoneos;
				SWIFT_COMPILATION_MODE = wholemodule;
				VALIDATE_PRODUCT = YES;
			};
			name = Release;
		};
		BCBD76BF2D6BEE090029AC62 /* Debug */ = {
			isa = XCBuildConfiguration;
			buildSettings = {
				ASSETCATALOG_COMPILER_APPICON_NAME = AppIcon;
				ASSETCATALOG_COMPILER_GLOBAL_ACCENT_COLOR_NAME = AccentColor;
				CODE_SIGN_STYLE = Automatic;
				CURRENT_PROJECT_VERSION = 1;
				DEVELOPMENT_ASSET_PATHS = "\"BookTracker2/Preview Content\"";
				DEVELOPMENT_TEAM = MABBKY5A9T;
				ENABLE_PREVIEWS = YES;
				GENERATE_INFOPLIST_FILE = NO;
				INFOPLIST_KEY_UIApplicationSceneManifest_Generation = YES;
				INFOPLIST_KEY_UIApplicationSupportsIndirectInputEvents = YES;
				INFOPLIST_KEY_UILaunchScreen_Generation = YES;
				INFOPLIST_KEY_UISupportedInterfaceOrientations_iPad = "UIInterfaceOrientationPortrait UIInterfaceOrientationPortraitUpsideDown UIInterfaceOrientationLandscapeLeft UIInterfaceOrientationLandscapeRight";
				INFOPLIST_KEY_UISupportedInterfaceOrientations_iPhone = "UIInterfaceOrientationPortrait UIInterfaceOrientationLandscapeLeft UIInterfaceOrientationLandscapeRight";
				LD_RUNPATH_SEARCH_PATHS = (
					"$(inherited)",
					"@executable_path/Frameworks",
				);
				MARKETING_VERSION = 1.0;
				PRODUCT_BUNDLE_IDENTIFIER = solutions.AImpact.BookTracker2;
				PRODUCT_NAME = "$(TARGET_NAME)";
				SWIFT_EMIT_LOC_STRINGS = YES;
				SWIFT_VERSION = 5.0;
				TARGETED_DEVICE_FAMILY = "1,2";
			};
			name = Debug;
		};
		BCBD76C02D6BEE090029AC62 /* Release */ = {
			isa = XCBuildConfiguration;
			buildSettings = {
				ASSETCATALOG_COMPILER_APPICON_NAME = AppIcon;
				ASSETCATALOG_COMPILER_GLOBAL_ACCENT_COLOR_NAME = AccentColor;
				CODE_SIGN_STYLE = Automatic;
				CURRENT_PROJECT_VERSION = 1;
				DEVELOPMENT_ASSET_PATHS = "\"BookTracker2/Preview Content\"";
				DEVELOPMENT_TEAM = MABBKY5A9T;
				ENABLE_PREVIEWS = YES;
				GENERATE_INFOPLIST_FILE = NO;
				INFOPLIST_KEY_UIApplicationSceneManifest_Generation = YES;
				INFOPLIST_KEY_UIApplicationSupportsIndirectInputEvents = YES;
				INFOPLIST_KEY_UILaunchScreen_Generation = YES;
				INFOPLIST_KEY_UISupportedInterfaceOrientations_iPad = "UIInterfaceOrientationPortrait UIInterfaceOrientationPortraitUpsideDown UIInterfaceOrientationLandscapeLeft UIInterfaceOrientationLandscapeRight";
				INFOPLIST_KEY_UISupportedInterfaceOrientations_iPhone = "UIInterfaceOrientationPortrait UIInterfaceOrientationLandscapeLeft UIInterfaceOrientationLandscapeRight";
				LD_RUNPATH_SEARCH_PATHS = (
					"$(inherited)",
					"@executable_path/Frameworks",
				);
				MARKETING_VERSION = 1.0;
				PRODUCT_BUNDLE_IDENTIFIER = solutions.AImpact.BookTracker2;
				PRODUCT_NAME = "$(TARGET_NAME)";
				SWIFT_EMIT_LOC_STRINGS = YES;
				SWIFT_VERSION = 5.0;
				TARGETED_DEVICE_FAMILY = "1,2";
			};
			name = Release;
		};
		BCBD76C22D6BEE090029AC62 /* Debug */ = {
			isa = XCBuildConfiguration;
			buildSettings = {
				BUNDLE_LOADER = "$(TEST_HOST)";
				CODE_SIGN_STYLE = Automatic;
				CURRENT_PROJECT_VERSION = 1;
				DEVELOPMENT_TEAM = MABBKY5A9T;
				GENERATE_INFOPLIST_FILE = YES;
				IPHONEOS_DEPLOYMENT_TARGET = 18.2;
				MARKETING_VERSION = 1.0;
				PRODUCT_BUNDLE_IDENTIFIER = solutions.AImpact.BookTracker2Tests;
				PRODUCT_NAME = "$(TARGET_NAME)";
				SWIFT_EMIT_LOC_STRINGS = NO;
				SWIFT_VERSION = 5.0;
				TARGETED_DEVICE_FAMILY = "1,2";
				TEST_HOST = "$(BUILT_PRODUCTS_DIR)/BookTracker2.app/$(BUNDLE_EXECUTABLE_FOLDER_PATH)/BookTracker2";
			};
			name = Debug;
		};
		BCBD76C32D6BEE090029AC62 /* Release */ = {
			isa = XCBuildConfiguration;
			buildSettings = {
				BUNDLE_LOADER = "$(TEST_HOST)";
				CODE_SIGN_STYLE = Automatic;
				CURRENT_PROJECT_VERSION = 1;
				DEVELOPMENT_TEAM = MABBKY5A9T;
				GENERATE_INFOPLIST_FILE = YES;
				IPHONEOS_DEPLOYMENT_TARGET = 18.2;
				MARKETING_VERSION = 1.0;
				PRODUCT_BUNDLE_IDENTIFIER = solutions.AImpact.BookTracker2Tests;
				PRODUCT_NAME = "$(TARGET_NAME)";
				SWIFT_EMIT_LOC_STRINGS = NO;
				SWIFT_VERSION = 5.0;
				TARGETED_DEVICE_FAMILY = "1,2";
				TEST_HOST = "$(BUILT_PRODUCTS_DIR)/BookTracker2.app/$(BUNDLE_EXECUTABLE_FOLDER_PATH)/BookTracker2";
			};
			name = Release;
		};
		BCBD76C52D6BEE090029AC62 /* Debug */ = {
			isa = XCBuildConfiguration;
			buildSettings = {
				CODE_SIGN_STYLE = Automatic;
				CURRENT_PROJECT_VERSION = 1;
				DEVELOPMENT_TEAM = MABBKY5A9T;
				GENERATE_INFOPLIST_FILE = YES;
				MARKETING_VERSION = 1.0;
				PRODUCT_BUNDLE_IDENTIFIER = solutions.AImpact.BookTracker2UITests;
				PRODUCT_NAME = "$(TARGET_NAME)";
				SWIFT_EMIT_LOC_STRINGS = NO;
				SWIFT_VERSION = 5.0;
				TARGETED_DEVICE_FAMILY = "1,2";
				TEST_TARGET_NAME = BookTracker2;
			};
			name = Debug;
		};
		BCBD76C62D6BEE090029AC62 /* Release */ = {
			isa = XCBuildConfiguration;
			buildSettings = {
				CODE_SIGN_STYLE = Automatic;
				CURRENT_PROJECT_VERSION = 1;
				DEVELOPMENT_TEAM = MABBKY5A9T;
				GENERATE_INFOPLIST_FILE = YES;
				MARKETING_VERSION = 1.0;
				PRODUCT_BUNDLE_IDENTIFIER = solutions.AImpact.BookTracker2UITests;
				PRODUCT_NAME = "$(TARGET_NAME)";
				SWIFT_EMIT_LOC_STRINGS = NO;
				SWIFT_VERSION = 5.0;
				TARGETED_DEVICE_FAMILY = "1,2";
				TEST_TARGET_NAME = BookTracker2;
			};
			name = Release;
		};
/* End XCBuildConfiguration section */

/* Begin XCConfigurationList section */
		BCBD76952D6BEE080029AC62 /* Build configuration list for PBXProject "BookTracker2" */ = {
			isa = XCConfigurationList;
			buildConfigurations = (
				BCBD76BC2D6BEE090029AC62 /* Debug */,
				BCBD76BD2D6BEE090029AC62 /* Release */,
			);
			defaultConfigurationIsVisible = 0;
			defaultConfigurationName = Release;
		};
		BCBD76BE2D6BEE090029AC62 /* Build configuration list for PBXNativeTarget "BookTracker2" */ = {
			isa = XCConfigurationList;
			buildConfigurations = (
				BCBD76BF2D6BEE090029AC62 /* Debug */,
				BCBD76C02D6BEE090029AC62 /* Release */,
			);
			defaultConfigurationIsVisible = 0;
			defaultConfigurationName = Release;
		};
		BCBD76C12D6BEE090029AC62 /* Build configuration list for PBXNativeTarget "BookTracker2Tests" */ = {
			isa = XCConfigurationList;
			buildConfigurations = (
				BCBD76C22D6BEE090029AC62 /* Debug */,
				BCBD76C32D6BEE090029AC62 /* Release */,
			);
			defaultConfigurationIsVisible = 0;
			defaultConfigurationName = Release;
		};
		BCBD76C42D6BEE090029AC62 /* Build configuration list for PBXNativeTarget "BookTracker2UITests" */ = {
			isa = XCConfigurationList;
			buildConfigurations = (
				BCBD76C52D6BEE090029AC62 /* Debug */,
				BCBD76C62D6BEE090029AC62 /* Release */,
			);
			defaultConfigurationIsVisible = 0;
			defaultConfigurationName = Release;
		};
/* End XCConfigurationList section */
	};
	rootObject = BCBD76922D6BEE080029AC62 /* Project object */;
}
